{
  "version": 4,
  "terraform_version": "1.9.6",
  "serial": 62,
  "lineage": "ee7e2ae6-54ac-9d91-9240-bdbd44fef36b",
  "outputs": {},
  "resources": [
    {
      "mode": "managed",
      "type": "google_cloud_run_service",
      "name": "run_service",
      "provider": "provider[\"registry.terraform.io/hashicorp/google\"]",
      "instances": [
        {
          "schema_version": 2,
          "attributes": {
            "autogenerate_revision_name": true,
            "id": "locations/europe-southwest1/namespaces/iea-co2-project/services/mage-data-prep",
            "location": "europe-southwest1",
            "metadata": [
              {
                "annotations": {
                  "run.googleapis.com/ingress": "all",
                  "run.googleapis.com/launch-stage": ""
                },
                "effective_annotations": {
                  "run.googleapis.com/ingress": "all",
                  "run.googleapis.com/ingress-status": "all",
                  "run.googleapis.com/operation-id": "7cce470e-f3a1-4b1f-a46c-c122493ec68b",
                  "run.googleapis.com/urls": "[\"https://mage-data-prep-85467223733.europe-southwest1.run.app\",\"https://mage-data-prep-tnsuyikkma-no.a.run.app\"]",
                  "serving.knative.dev/creator": "85467223733-compute@developer.gserviceaccount.com",
                  "serving.knative.dev/lastModifier": "85467223733-compute@developer.gserviceaccount.com"
                },
                "effective_labels": {
                  "cloud.googleapis.com/location": "europe-southwest1",
                  "goog-terraform-provisioned": "true",
                  "run.googleapis.com/satisfiesPzs": "true"
                },
                "generation": 3,
                "labels": {},
                "namespace": "iea-co2-project",
                "resource_version": "AAYieeqlmHw",
                "self_link": "/apis/serving.knative.dev/v1/namespaces/85467223733/services/mage-data-prep",
                "terraform_labels": {
                  "goog-terraform-provisioned": "true"
                },
                "uid": "7d7503ad-44a0-4e4a-b8c9-b177bc4fc191"
              }
            ],
            "name": "mage-data-prep",
            "project": "iea-co2-project",
            "status": [
              {
                "conditions": [
                  {
                    "message": "",
                    "reason": "",
                    "status": "True",
                    "type": "Ready"
                  },
                  {
                    "message": "",
                    "reason": "",
                    "status": "True",
                    "type": "ConfigurationsReady"
                  },
                  {
                    "message": "",
                    "reason": "",
                    "status": "True",
                    "type": "RoutesReady"
                  }
                ],
                "latest_created_revision_name": "mage-data-prep-00001-lf5",
                "latest_ready_revision_name": "mage-data-prep-00001-lf5",
                "observed_generation": 3,
                "traffic": [
                  {
                    "latest_revision": true,
                    "percent": 100,
                    "revision_name": "mage-data-prep-00001-lf5",
                    "tag": "",
                    "url": ""
                  }
                ],
                "url": "https://mage-data-prep-tnsuyikkma-no.a.run.app"
              }
            ],
            "template": [
              {
                "metadata": [
                  {
                    "annotations": {
                      "autoscaling.knative.dev/maxScale": "50",
                      "autoscaling.knative.dev/minScale": "1",
                      "run.googleapis.com/cpu-throttling": "false",
                      "run.googleapis.com/execution-environment": "gen2"
                    },
                    "generation": 0,
                    "labels": {
                      "run.googleapis.com/startupProbeType": "Default"
                    },
                    "name": "",
                    "namespace": "",
                    "resource_version": "",
                    "self_link": "",
                    "uid": ""
                  }
                ],
                "spec": [
                  {
                    "container_concurrency": 80,
                    "containers": [
                      {
                        "args": [],
                        "command": [],
                        "env": [
                          {
                            "name": "GCP_PROJECT_ID",
                            "value": "iea-co2-project",
                            "value_from": []
                          },
                          {
                            "name": "GCP_REGION",
                            "value": "europe-southwest1",
                            "value_from": []
                          },
                          {
                            "name": "GCP_SERVICE_NAME",
                            "value": "mage-data-prep",
                            "value_from": []
                          },
                          {
                            "name": "ULIMIT_NO_FILE",
                            "value": "16384",
                            "value_from": []
                          }
                        ],
                        "env_from": [],
                        "image": "mageai/mageai:latest",
                        "liveness_probe": [],
                        "name": "",
                        "ports": [
                          {
                            "container_port": 6789,
                            "name": "http1",
                            "protocol": ""
                          }
                        ],
                        "resources": [
                          {
                            "limits": {
                              "cpu": "2000m",
                              "memory": "2G"
                            },
                            "requests": {}
                          }
                        ],
                        "startup_probe": [
                          {
                            "failure_threshold": 1,
                            "grpc": [],
                            "http_get": [],
                            "initial_delay_seconds": 0,
                            "period_seconds": 240,
                            "tcp_socket": [
                              {
                                "port": 6789
                              }
                            ],
                            "timeout_seconds": 240
                          }
                        ],
                        "volume_mounts": [],
                        "working_dir": ""
                      }
                    ],
                    "service_account_name": "85467223733-compute@developer.gserviceaccount.com",
                    "serving_state": "",
                    "timeout_seconds": 300,
                    "volumes": []
                  }
                ]
              }
            ],
            "timeouts": null,
            "traffic": [
              {
                "latest_revision": true,
                "percent": 100,
                "revision_name": "",
                "tag": "",
                "url": ""
              }
            ]
          },
          "sensitive_attributes": [],
          "private": "eyJlMmJmYjczMC1lY2FhLTExZTYtOGY4OC0zNDM2M2JjN2M0YzAiOnsiY3JlYXRlIjoxMjAwMDAwMDAwMDAwLCJkZWxldGUiOjEyMDAwMDAwMDAwMDAsInVwZGF0ZSI6MTIwMDAwMDAwMDAwMH0sInNjaGVtYV92ZXJzaW9uIjoiMiJ9"
        }
      ]
    },
    {
      "mode": "managed",
      "type": "google_cloud_run_service_iam_member",
      "name": "run_all_users",
      "provider": "provider[\"registry.terraform.io/hashicorp/google\"]",
      "instances": [
        {
          "schema_version": 0,
          "attributes": {
            "condition": [],
            "etag": "BwYiecQgtUc=",
            "id": "v1/projects/iea-co2-project/locations/europe-southwest1/services/mage-data-prep/roles/run.invoker/allUsers",
            "location": "europe-southwest1",
            "member": "allUsers",
            "project": "iea-co2-project",
            "role": "roles/run.invoker",
            "service": "v1/projects/iea-co2-project/locations/europe-southwest1/services/mage-data-prep"
          },
          "sensitive_attributes": [],
          "private": "bnVsbA==",
          "dependencies": [
            "google_cloud_run_service.run_service"
          ]
        }
      ]
    }
  ],
  "check_results": null
}
